// !$*UTF8*$!
{
	archiveVersion = 1;
	classes = {
	};
	objectVersion = 46;
	objects = {

/* Begin PBXBuildFile section */
		30AE52691C1F3B0800C2DAF8 /* AcousticModelEnglish.bundle in Resources */ = {isa = PBXBuildFile; fileRef = 30AE52651C1F3B0800C2DAF8 /* AcousticModelEnglish.bundle */; };
		30AE526A1C1F3B0800C2DAF8 /* AcousticModelSpanish.bundle in Resources */ = {isa = PBXBuildFile; fileRef = 30AE52661C1F3B0800C2DAF8 /* AcousticModelSpanish.bundle */; };
		30AE526B1C1F3B0800C2DAF8 /* OpenEars.framework in Frameworks */ = {isa = PBXBuildFile; fileRef = 30AE52671C1F3B0800C2DAF8 /* OpenEars.framework */; };
		30AE526C1C1F3B0800C2DAF8 /* Slt.framework in Frameworks */ = {isa = PBXBuildFile; fileRef = 30AE52681C1F3B0800C2DAF8 /* Slt.framework */; };
		30AE526F1C1F3B4500C2DAF8 /* AVFoundation.framework in Frameworks */ = {isa = PBXBuildFile; fileRef = 30AE526E1C1F3B4500C2DAF8 /* AVFoundation.framework */; };
		30AE52711C1F3B4D00C2DAF8 /* AudioToolbox.framework in Frameworks */ = {isa = PBXBuildFile; fileRef = 30AE52701C1F3B4D00C2DAF8 /* AudioToolbox.framework */; };
		30AE52761C1F401D00C2DAF8 /* Localizable.strings in Resources */ = {isa = PBXBuildFile; fileRef = 30AE52781C1F401D00C2DAF8 /* Localizable.strings */; };
		30AE527F1C1F5CBC00C2DAF8 /* OpenEarsService.m in Sources */ = {isa = PBXBuildFile; fileRef = 30AE527E1C1F5CBC00C2DAF8 /* OpenEarsService.m */; };
		E1939C3C1C207B26004B35DD /* GameKit.framework in Frameworks */ = {isa = PBXBuildFile; fileRef = E1939C3B1C207B26004B35DD /* GameKit.framework */; };
		E1939C3E1C207B45004B35DD /* SystemConfiguration.framework in Frameworks */ = {isa = PBXBuildFile; fileRef = E1939C3D1C207B45004B35DD /* SystemConfiguration.framework */; };
		E1939C401C207B4A004B35DD /* Security.framework in Frameworks */ = {isa = PBXBuildFile; fileRef = E1939C3F1C207B4A004B35DD /* Security.framework */; };
		E1939C441C207BCB004B35DD /* GameCenterManager.m in Sources */ = {isa = PBXBuildFile; fileRef = E1939C421C207BCB004B35DD /* GameCenterManager.m */; };
		E1939C481C207BDB004B35DD /* NSDataAES256.m in Sources */ = {isa = PBXBuildFile; fileRef = E1939C461C207BDB004B35DD /* NSDataAES256.m */; };
		E1939C491C207BDB004B35DD /* Reachability.m in Sources */ = {isa = PBXBuildFile; fileRef = E1939C471C207BDB004B35DD /* Reachability.m */; };
		E1939C501C208143004B35DD /* OAuthGameCenterController.m in Sources */ = {isa = PBXBuildFile; fileRef = E1939C4F1C208143004B35DD /* OAuthGameCenterController.m */; };
		E4F485781C1E6B88007AD778 /* main.m in Sources */ = {isa = PBXBuildFile; fileRef = E4F485771C1E6B88007AD778 /* main.m */; };
		E4F4857B1C1E6B88007AD778 /* AppDelegate.m in Sources */ = {isa = PBXBuildFile; fileRef = E4F4857A1C1E6B88007AD778 /* AppDelegate.m */; };
		E4F485811C1E6B88007AD778 /* Main.storyboard in Resources */ = {isa = PBXBuildFile; fileRef = E4F4857F1C1E6B88007AD778 /* Main.storyboard */; };
		E4F485831C1E6B88007AD778 /* Assets.xcassets in Resources */ = {isa = PBXBuildFile; fileRef = E4F485821C1E6B88007AD778 /* Assets.xcassets */; };
		E4F485861C1E6B88007AD778 /* LaunchScreen.storyboard in Resources */ = {isa = PBXBuildFile; fileRef = E4F485841C1E6B88007AD778 /* LaunchScreen.storyboard */; };
		E4F485951C1E71E5007AD778 /* GameViewController.m in Sources */ = {isa = PBXBuildFile; fileRef = E4F485941C1E71E5007AD778 /* GameViewController.m */; };
		E4F4859B1C1F35E6007AD778 /* ShipScreen.m in Sources */ = {isa = PBXBuildFile; fileRef = E4F4859A1C1F35E6007AD778 /* ShipScreen.m */; };
		E4F4859D1C1F35F2007AD778 /* ShotScreen.m in Sources */ = {isa = PBXBuildFile; fileRef = E4F4859C1C1F35F2007AD778 /* ShotScreen.m */; };
		E4F4859F1C1F4A10007AD778 /* Ship.m in Sources */ = {isa = PBXBuildFile; fileRef = E4F4859E1C1F4A10007AD778 /* Ship.m */; };
		E4F485A41C1F9214007AD778 /* StarfieldView.m in Sources */ = {isa = PBXBuildFile; fileRef = E4F485A31C1F9214007AD778 /* StarfieldView.m */; };
		E4F485AC1C1FA14F007AD778 /* Constants.m in Sources */ = {isa = PBXBuildFile; fileRef = E4F485AB1C1FA14F007AD778 /* Constants.m */; };
/* End PBXBuildFile section */

/* Begin PBXFileReference section */
		30AE52651C1F3B0800C2DAF8 /* AcousticModelEnglish.bundle */ = {isa = PBXFileReference; lastKnownFileType = "wrapper.plug-in"; path = AcousticModelEnglish.bundle; sourceTree = "<group>"; };
		30AE52661C1F3B0800C2DAF8 /* AcousticModelSpanish.bundle */ = {isa = PBXFileReference; lastKnownFileType = "wrapper.plug-in"; path = AcousticModelSpanish.bundle; sourceTree = "<group>"; };
		30AE52671C1F3B0800C2DAF8 /* OpenEars.framework */ = {isa = PBXFileReference; lastKnownFileType = wrapper.framework; path = OpenEars.framework; sourceTree = "<group>"; };
		30AE52681C1F3B0800C2DAF8 /* Slt.framework */ = {isa = PBXFileReference; lastKnownFileType = wrapper.framework; path = Slt.framework; sourceTree = "<group>"; };
		30AE526E1C1F3B4500C2DAF8 /* AVFoundation.framework */ = {isa = PBXFileReference; lastKnownFileType = wrapper.framework; name = AVFoundation.framework; path = System/Library/Frameworks/AVFoundation.framework; sourceTree = SDKROOT; };
		30AE52701C1F3B4D00C2DAF8 /* AudioToolbox.framework */ = {isa = PBXFileReference; lastKnownFileType = wrapper.framework; name = AudioToolbox.framework; path = System/Library/Frameworks/AudioToolbox.framework; sourceTree = SDKROOT; };
		30AE52741C1F3F9B00C2DAF8 /* es-MX */ = {isa = PBXFileReference; lastKnownFileType = text.plist.strings; name = "es-MX"; path = "es-MX.lproj/Main.strings"; sourceTree = "<group>"; };
		30AE52751C1F3F9B00C2DAF8 /* es-MX */ = {isa = PBXFileReference; lastKnownFileType = text.plist.strings; name = "es-MX"; path = "es-MX.lproj/LaunchScreen.strings"; sourceTree = "<group>"; };
		30AE52771C1F401D00C2DAF8 /* en */ = {isa = PBXFileReference; lastKnownFileType = text.plist.strings; name = en; path = en.lproj/Localizable.strings; sourceTree = "<group>"; };
		30AE527D1C1F5CBC00C2DAF8 /* OpenEarsService.h */ = {isa = PBXFileReference; fileEncoding = 4; lastKnownFileType = sourcecode.c.h; path = OpenEarsService.h; sourceTree = "<group>"; };
		30AE527E1C1F5CBC00C2DAF8 /* OpenEarsService.m */ = {isa = PBXFileReference; fileEncoding = 4; lastKnownFileType = sourcecode.c.objc; path = OpenEarsService.m; sourceTree = "<group>"; };
		30AE52801C1F88DB00C2DAF8 /* VoiceCommands .h */ = {isa = PBXFileReference; lastKnownFileType = sourcecode.c.h; path = "VoiceCommands .h"; sourceTree = "<group>"; };
		E1939C3B1C207B26004B35DD /* GameKit.framework */ = {isa = PBXFileReference; lastKnownFileType = wrapper.framework; name = GameKit.framework; path = System/Library/Frameworks/GameKit.framework; sourceTree = SDKROOT; };
		E1939C3D1C207B45004B35DD /* SystemConfiguration.framework */ = {isa = PBXFileReference; lastKnownFileType = wrapper.framework; name = SystemConfiguration.framework; path = System/Library/Frameworks/SystemConfiguration.framework; sourceTree = SDKROOT; };
		E1939C3F1C207B4A004B35DD /* Security.framework */ = {isa = PBXFileReference; lastKnownFileType = wrapper.framework; name = Security.framework; path = System/Library/Frameworks/Security.framework; sourceTree = SDKROOT; };
		E1939C411C207BCB004B35DD /* GameCenterManager.h */ = {isa = PBXFileReference; fileEncoding = 4; lastKnownFileType = sourcecode.c.h; name = GameCenterManager.h; path = "../../GameCenterManager/GC Manager/GameCenterManager.h"; sourceTree = "<group>"; };
		E1939C421C207BCB004B35DD /* GameCenterManager.m */ = {isa = PBXFileReference; fileEncoding = 4; lastKnownFileType = sourcecode.c.objc; name = GameCenterManager.m; path = "../../GameCenterManager/GC Manager/GameCenterManager.m"; sourceTree = "<group>"; };
		E1939C431C207BCB004B35DD /* Reachability.h */ = {isa = PBXFileReference; fileEncoding = 4; lastKnownFileType = sourcecode.c.h; name = Reachability.h; path = "../../GameCenterManager/GC Manager/Reachability.h"; sourceTree = "<group>"; };
		E1939C451C207BDB004B35DD /* NSDataAES256.h */ = {isa = PBXFileReference; fileEncoding = 4; lastKnownFileType = sourcecode.c.h; name = NSDataAES256.h; path = "../../GameCenterManager/GC Manager/NSDataAES256.h"; sourceTree = "<group>"; };
		E1939C461C207BDB004B35DD /* NSDataAES256.m */ = {isa = PBXFileReference; fileEncoding = 4; lastKnownFileType = sourcecode.c.objc; name = NSDataAES256.m; path = "../../GameCenterManager/GC Manager/NSDataAES256.m"; sourceTree = "<group>"; };
		E1939C471C207BDB004B35DD /* Reachability.m */ = {isa = PBXFileReference; fileEncoding = 4; lastKnownFileType = sourcecode.c.objc; name = Reachability.m; path = "../../GameCenterManager/GC Manager/Reachability.m"; sourceTree = "<group>"; };
		E1939C4E1C208143004B35DD /* OAuthGameCenterController.h */ = {isa = PBXFileReference; fileEncoding = 4; lastKnownFileType = sourcecode.c.h; path = OAuthGameCenterController.h; sourceTree = "<group>"; };
		E1939C4F1C208143004B35DD /* OAuthGameCenterController.m */ = {isa = PBXFileReference; fileEncoding = 4; lastKnownFileType = sourcecode.c.objc; path = OAuthGameCenterController.m; sourceTree = "<group>"; };
		E4F485731C1E6B88007AD778 /* battleship.app */ = {isa = PBXFileReference; explicitFileType = wrapper.application; includeInIndex = 0; path = battleship.app; sourceTree = BUILT_PRODUCTS_DIR; };
		E4F485771C1E6B88007AD778 /* main.m */ = {isa = PBXFileReference; lastKnownFileType = sourcecode.c.objc; path = main.m; sourceTree = "<group>"; };
		E4F485791C1E6B88007AD778 /* AppDelegate.h */ = {isa = PBXFileReference; lastKnownFileType = sourcecode.c.h; path = AppDelegate.h; sourceTree = "<group>"; };
		E4F4857A1C1E6B88007AD778 /* AppDelegate.m */ = {isa = PBXFileReference; lastKnownFileType = sourcecode.c.objc; path = AppDelegate.m; sourceTree = "<group>"; };
		E4F485801C1E6B88007AD778 /* Base */ = {isa = PBXFileReference; lastKnownFileType = file.storyboard; name = Base; path = Base.lproj/Main.storyboard; sourceTree = "<group>"; };
		E4F485821C1E6B88007AD778 /* Assets.xcassets */ = {isa = PBXFileReference; lastKnownFileType = folder.assetcatalog; path = Assets.xcassets; sourceTree = "<group>"; };
		E4F485851C1E6B88007AD778 /* Base */ = {isa = PBXFileReference; lastKnownFileType = file.storyboard; name = Base; path = Base.lproj/LaunchScreen.storyboard; sourceTree = "<group>"; };
		E4F485871C1E6B88007AD778 /* Info.plist */ = {isa = PBXFileReference; lastKnownFileType = text.plist.xml; path = Info.plist; sourceTree = "<group>"; };
		E4F485901C1E6D31007AD778 /* Ship.h */ = {isa = PBXFileReference; lastKnownFileType = sourcecode.c.h; path = Ship.h; sourceTree = "<group>"; };
		E4F485911C1E6EB5007AD778 /* ShotScreen.h */ = {isa = PBXFileReference; lastKnownFileType = sourcecode.c.h; path = ShotScreen.h; sourceTree = "<group>"; };
		E4F485921C1E6F0F007AD778 /* ShipScreen.h */ = {isa = PBXFileReference; lastKnownFileType = sourcecode.c.h; path = ShipScreen.h; sourceTree = "<group>"; };
		E4F485931C1E71E5007AD778 /* GameViewController.h */ = {isa = PBXFileReference; fileEncoding = 4; lastKnownFileType = sourcecode.c.h; path = GameViewController.h; sourceTree = "<group>"; };
		E4F485941C1E71E5007AD778 /* GameViewController.m */ = {isa = PBXFileReference; fileEncoding = 4; lastKnownFileType = sourcecode.c.objc; path = GameViewController.m; sourceTree = "<group>"; };
		E4F485961C1E7BFE007AD778 /* Constants.h */ = {isa = PBXFileReference; lastKnownFileType = sourcecode.c.h; path = Constants.h; sourceTree = "<group>"; };
		E4F4859A1C1F35E6007AD778 /* ShipScreen.m */ = {isa = PBXFileReference; fileEncoding = 4; lastKnownFileType = sourcecode.c.objc; path = ShipScreen.m; sourceTree = "<group>"; };
		E4F4859C1C1F35F2007AD778 /* ShotScreen.m */ = {isa = PBXFileReference; fileEncoding = 4; lastKnownFileType = sourcecode.c.objc; path = ShotScreen.m; sourceTree = "<group>"; };
		E4F4859E1C1F4A10007AD778 /* Ship.m */ = {isa = PBXFileReference; fileEncoding = 4; lastKnownFileType = sourcecode.c.objc; path = Ship.m; sourceTree = "<group>"; };
		E4F485A21C1F9214007AD778 /* StarfieldView.h */ = {isa = PBXFileReference; fileEncoding = 4; lastKnownFileType = sourcecode.c.h; path = StarfieldView.h; sourceTree = "<group>"; };
		E4F485A31C1F9214007AD778 /* StarfieldView.m */ = {isa = PBXFileReference; fileEncoding = 4; lastKnownFileType = sourcecode.c.objc; path = StarfieldView.m; sourceTree = "<group>"; };
		E4F485AB1C1FA14F007AD778 /* Constants.m */ = {isa = PBXFileReference; fileEncoding = 4; lastKnownFileType = sourcecode.c.objc; path = Constants.m; sourceTree = "<group>"; };
/* End PBXFileReference section */

/* Begin PBXFrameworksBuildPhase section */
		E4F485701C1E6B88007AD778 /* Frameworks */ = {
			isa = PBXFrameworksBuildPhase;
			buildActionMask = 2147483647;
			files = (
				E1939C401C207B4A004B35DD /* Security.framework in Frameworks */,
				E1939C3E1C207B45004B35DD /* SystemConfiguration.framework in Frameworks */,
				30AE52711C1F3B4D00C2DAF8 /* AudioToolbox.framework in Frameworks */,
				30AE526F1C1F3B4500C2DAF8 /* AVFoundation.framework in Frameworks */,
				30AE526C1C1F3B0800C2DAF8 /* Slt.framework in Frameworks */,
				30AE526B1C1F3B0800C2DAF8 /* OpenEars.framework in Frameworks */,
				E1939C3C1C207B26004B35DD /* GameKit.framework in Frameworks */,
			);
			runOnlyForDeploymentPostprocessing = 0;
		};
/* End PBXFrameworksBuildPhase section */

/* Begin PBXGroup section */
		30AE52641C1F3B0800C2DAF8 /* Framework */ = {
			isa = PBXGroup;
			children = (
				30AE52651C1F3B0800C2DAF8 /* AcousticModelEnglish.bundle */,
				30AE52661C1F3B0800C2DAF8 /* AcousticModelSpanish.bundle */,
				30AE52671C1F3B0800C2DAF8 /* OpenEars.framework */,
				30AE52681C1F3B0800C2DAF8 /* Slt.framework */,
			);
			path = Framework;
			sourceTree = "<group>";
		};
		30AE526D1C1F3B2100C2DAF8 /* Frameworks */ = {
			isa = PBXGroup;
			children = (
				E1939C3F1C207B4A004B35DD /* Security.framework */,
				E1939C3D1C207B45004B35DD /* SystemConfiguration.framework */,
				E1939C3B1C207B26004B35DD /* GameKit.framework */,
				30AE526E1C1F3B4500C2DAF8 /* AVFoundation.framework */,
				30AE52701C1F3B4D00C2DAF8 /* AudioToolbox.framework */,
				30AE52641C1F3B0800C2DAF8 /* Framework */,
			);
			name = Frameworks;
			path = battleship;
			sourceTree = "<group>";
		};
		30AE52791C1F403F00C2DAF8 /* Localization */ = {
			isa = PBXGroup;
			children = (
				30AE52781C1F401D00C2DAF8 /* Localizable.strings */,
			);
			name = Localization;
			sourceTree = "<group>";
		};
		E1939C4A1C207BE1004B35DD /* GameCenter */ = {
			isa = PBXGroup;
			children = (
				E1939C4B1C207CC3004B35DD /* Dependencies */,
				E1939C411C207BCB004B35DD /* GameCenterManager.h */,
				E1939C421C207BCB004B35DD /* GameCenterManager.m */,
			);
			name = GameCenter;
			sourceTree = "<group>";
		};
		E1939C4B1C207CC3004B35DD /* Dependencies */ = {
			isa = PBXGroup;
			children = (
				E1939C4C1C207CD2004B35DD /* Security */,
				E1939C4D1C207CDC004B35DD /* Internet */,
			);
			name = Dependencies;
			sourceTree = "<group>";
		};
		E1939C4C1C207CD2004B35DD /* Security */ = {
			isa = PBXGroup;
			children = (
				E1939C451C207BDB004B35DD /* NSDataAES256.h */,
				E1939C461C207BDB004B35DD /* NSDataAES256.m */,
			);
			name = Security;
			sourceTree = "<group>";
		};
		E1939C4D1C207CDC004B35DD /* Internet */ = {
			isa = PBXGroup;
			children = (
				E1939C471C207BDB004B35DD /* Reachability.m */,
				E1939C431C207BCB004B35DD /* Reachability.h */,
			);
			name = Internet;
			sourceTree = "<group>";
		};
		E4F4856A1C1E6B88007AD778 = {
			isa = PBXGroup;
			children = (
				E4F485751C1E6B88007AD778 /* battleship */,
				30AE526D1C1F3B2100C2DAF8 /* Frameworks */,
				E4F485741C1E6B88007AD778 /* Products */,
			);
			sourceTree = "<group>";
		};
		E4F485741C1E6B88007AD778 /* Products */ = {
			isa = PBXGroup;
			children = (
				E4F485731C1E6B88007AD778 /* battleship.app */,
			);
			name = Products;
			sourceTree = "<group>";
		};
		E4F485751C1E6B88007AD778 /* battleship */ = {
			isa = PBXGroup;
			children = (
				E4F4858D1C1E6B97007AD778 /* Model */,
				E4F4858F1C1E6BF1007AD778 /* Controller */,
				E4F4858E1C1E6BE9007AD778 /* View */,
				E4F485761C1E6B88007AD778 /* Supporting Files */,
			);
			path = battleship;
			sourceTree = "<group>";
		};
		E4F485761C1E6B88007AD778 /* Supporting Files */ = {
			isa = PBXGroup;
			children = (
				30AE52791C1F403F00C2DAF8 /* Localization */,
				E4F485791C1E6B88007AD778 /* AppDelegate.h */,
				E4F4857A1C1E6B88007AD778 /* AppDelegate.m */,
				E4F485871C1E6B88007AD778 /* Info.plist */,
				E4F485841C1E6B88007AD778 /* LaunchScreen.storyboard */,
				E4F485821C1E6B88007AD778 /* Assets.xcassets */,
				E4F485771C1E6B88007AD778 /* main.m */,
			);
			name = "Supporting Files";
			sourceTree = "<group>";
		};
		E4F4858D1C1E6B97007AD778 /* Model */ = {
			isa = PBXGroup;
			children = (
				E1939C4A1C207BE1004B35DD /* GameCenter */,
				E4F485901C1E6D31007AD778 /* Ship.h */,
				E4F4859E1C1F4A10007AD778 /* Ship.m */,
				E4F485911C1E6EB5007AD778 /* ShotScreen.h */,
				E4F4859C1C1F35F2007AD778 /* ShotScreen.m */,
				E4F485921C1E6F0F007AD778 /* ShipScreen.h */,
				E4F4859A1C1F35E6007AD778 /* ShipScreen.m */,
				E4F485961C1E7BFE007AD778 /* Constants.h */,
				E4F485AB1C1FA14F007AD778 /* Constants.m */,
				30AE527D1C1F5CBC00C2DAF8 /* OpenEarsService.h */,
				30AE527E1C1F5CBC00C2DAF8 /* OpenEarsService.m */,
				30AE52801C1F88DB00C2DAF8 /* VoiceCommands .h */,
			);
			name = Model;
			sourceTree = "<group>";
		};
		E4F4858E1C1E6BE9007AD778 /* View */ = {
			isa = PBXGroup;
			children = (
				E4F485A21C1F9214007AD778 /* StarfieldView.h */,
				E4F485A31C1F9214007AD778 /* StarfieldView.m */,
				E4F4857F1C1E6B88007AD778 /* Main.storyboard */,
			);
			name = View;
			sourceTree = "<group>";
		};
		E4F4858F1C1E6BF1007AD778 /* Controller */ = {
			isa = PBXGroup;
			children = (
				E4F485931C1E71E5007AD778 /* GameViewController.h */,
				E4F485941C1E71E5007AD778 /* GameViewController.m */,
				E1939C4E1C208143004B35DD /* OAuthGameCenterController.h */,
				E1939C4F1C208143004B35DD /* OAuthGameCenterController.m */,
			);
			name = Controller;
			sourceTree = "<group>";
		};
/* End PBXGroup section */

/* Begin PBXNativeTarget section */
		E4F485721C1E6B88007AD778 /* battleship */ = {
			isa = PBXNativeTarget;
			buildConfigurationList = E4F4858A1C1E6B88007AD778 /* Build configuration list for PBXNativeTarget "battleship" */;
			buildPhases = (
				E4F4856F1C1E6B88007AD778 /* Sources */,
				E4F485701C1E6B88007AD778 /* Frameworks */,
				E4F485711C1E6B88007AD778 /* Resources */,
			);
			buildRules = (
			);
			dependencies = (
			);
			name = battleship;
			productName = battleship;
			productReference = E4F485731C1E6B88007AD778 /* battleship.app */;
			productType = "com.apple.product-type.application";
		};
/* End PBXNativeTarget section */

/* Begin PBXProject section */
		E4F4856B1C1E6B88007AD778 /* Project object */ = {
			isa = PBXProject;
			attributes = {
				LastUpgradeCheck = 0720;
				ORGANIZATIONNAME = "Roman, Theodore, and Trub";
				TargetAttributes = {
					E4F485721C1E6B88007AD778 = {
						CreatedOnToolsVersion = 7.2;
						DevelopmentTeam = 663S48QXDX;
						SystemCapabilities = {
							com.apple.GameCenter = {
								enabled = 1;
							};
						};
					};
				};
			};
			buildConfigurationList = E4F4856E1C1E6B88007AD778 /* Build configuration list for PBXProject "battleship" */;
			compatibilityVersion = "Xcode 3.2";
			developmentRegion = English;
			hasScannedForEncodings = 0;
			knownRegions = (
				en,
				Base,
			);
			mainGroup = E4F4856A1C1E6B88007AD778;
			productRefGroup = E4F485741C1E6B88007AD778 /* Products */;
			projectDirPath = "";
			projectRoot = "";
			targets = (
				E4F485721C1E6B88007AD778 /* battleship */,
			);
		};
/* End PBXProject section */

/* Begin PBXResourcesBuildPhase section */
		E4F485711C1E6B88007AD778 /* Resources */ = {
			isa = PBXResourcesBuildPhase;
			buildActionMask = 2147483647;
			files = (
				E4F485861C1E6B88007AD778 /* LaunchScreen.storyboard in Resources */,
				30AE52761C1F401D00C2DAF8 /* Localizable.strings in Resources */,
				30AE526A1C1F3B0800C2DAF8 /* AcousticModelSpanish.bundle in Resources */,
				30AE52691C1F3B0800C2DAF8 /* AcousticModelEnglish.bundle in Resources */,
				E4F485831C1E6B88007AD778 /* Assets.xcassets in Resources */,
				E4F485811C1E6B88007AD778 /* Main.storyboard in Resources */,
			);
			runOnlyForDeploymentPostprocessing = 0;
		};
/* End PBXResourcesBuildPhase section */

/* Begin PBXSourcesBuildPhase section */
		E4F4856F1C1E6B88007AD778 /* Sources */ = {
			isa = PBXSourcesBuildPhase;
			buildActionMask = 2147483647;
			files = (
				E1939C481C207BDB004B35DD /* NSDataAES256.m in Sources */,
				E4F4859D1C1F35F2007AD778 /* ShotScreen.m in Sources */,
				E4F4857B1C1E6B88007AD778 /* AppDelegate.m in Sources */,
				E1939C501C208143004B35DD /* OAuthGameCenterController.m in Sources */,
				E4F485951C1E71E5007AD778 /* GameViewController.m in Sources */,
				E4F485A41C1F9214007AD778 /* StarfieldView.m in Sources */,
				E4F485781C1E6B88007AD778 /* main.m in Sources */,
				30AE527F1C1F5CBC00C2DAF8 /* OpenEarsService.m in Sources */,
				E1939C441C207BCB004B35DD /* GameCenterManager.m in Sources */,
				E4F4859B1C1F35E6007AD778 /* ShipScreen.m in Sources */,
				E4F4859F1C1F4A10007AD778 /* Ship.m in Sources */,
				E1939C491C207BDB004B35DD /* Reachability.m in Sources */,
				E4F485AC1C1FA14F007AD778 /* Constants.m in Sources */,
			);
			runOnlyForDeploymentPostprocessing = 0;
		};
/* End PBXSourcesBuildPhase section */

/* Begin PBXVariantGroup section */
		30AE52781C1F401D00C2DAF8 /* Localizable.strings */ = {
			isa = PBXVariantGroup;
			children = (
				30AE52771C1F401D00C2DAF8 /* en */,
			);
			name = Localizable.strings;
			path = ..;
			sourceTree = "<group>";
		};
		E4F4857F1C1E6B88007AD778 /* Main.storyboard */ = {
			isa = PBXVariantGroup;
			children = (
				E4F485801C1E6B88007AD778 /* Base */,
				30AE52741C1F3F9B00C2DAF8 /* es-MX */,
			);
			name = Main.storyboard;
			sourceTree = "<group>";
		};
		E4F485841C1E6B88007AD778 /* LaunchScreen.storyboard */ = {
			isa = PBXVariantGroup;
			children = (
				E4F485851C1E6B88007AD778 /* Base */,
				30AE52751C1F3F9B00C2DAF8 /* es-MX */,
			);
			name = LaunchScreen.storyboard;
			sourceTree = "<group>";
		};
/* End PBXVariantGroup section */

/* Begin XCBuildConfiguration section */
		E4F485881C1E6B88007AD778 /* Debug */ = {
			isa = XCBuildConfiguration;
			buildSettings = {
				ALWAYS_SEARCH_USER_PATHS = NO;
				CLANG_CXX_LANGUAGE_STANDARD = "gnu++0x";
				CLANG_CXX_LIBRARY = "libc++";
				CLANG_ENABLE_MODULES = YES;
				CLANG_ENABLE_OBJC_ARC = YES;
				CLANG_WARN_BOOL_CONVERSION = YES;
				CLANG_WARN_CONSTANT_CONVERSION = YES;
				CLANG_WARN_DIRECT_OBJC_ISA_USAGE = YES_ERROR;
				CLANG_WARN_EMPTY_BODY = YES;
				CLANG_WARN_ENUM_CONVERSION = YES;
				CLANG_WARN_INT_CONVERSION = YES;
				CLANG_WARN_OBJC_ROOT_CLASS = YES_ERROR;
				CLANG_WARN_UNREACHABLE_CODE = YES;
				CLANG_WARN__DUPLICATE_METHOD_MATCH = YES;
				"CODE_SIGN_IDENTITY[sdk=iphoneos*]" = "iPhone Developer";
				COPY_PHASE_STRIP = NO;
				DEBUG_INFORMATION_FORMAT = dwarf;
				ENABLE_STRICT_OBJC_MSGSEND = YES;
				ENABLE_TESTABILITY = YES;
				GCC_C_LANGUAGE_STANDARD = gnu99;
				GCC_DYNAMIC_NO_PIC = NO;
				GCC_NO_COMMON_BLOCKS = YES;
				GCC_OPTIMIZATION_LEVEL = 0;
				GCC_PREPROCESSOR_DEFINITIONS = (
					"DEBUG=1",
					"$(inherited)",
				);
				GCC_WARN_64_TO_32_BIT_CONVERSION = YES;
				GCC_WARN_ABOUT_RETURN_TYPE = YES_ERROR;
				GCC_WARN_UNDECLARED_SELECTOR = YES;
				GCC_WARN_UNINITIALIZED_AUTOS = YES_AGGRESSIVE;
				GCC_WARN_UNUSED_FUNCTION = YES;
				GCC_WARN_UNUSED_VARIABLE = YES;
				IPHONEOS_DEPLOYMENT_TARGET = 9.2;
				MTL_ENABLE_DEBUG_INFO = YES;
				ONLY_ACTIVE_ARCH = YES;
				SDKROOT = iphoneos;
				TARGETED_DEVICE_FAMILY = "1,2";
			};
			name = Debug;
		};
		E4F485891C1E6B88007AD778 /* Release */ = {
			isa = XCBuildConfiguration;
			buildSettings = {
				ALWAYS_SEARCH_USER_PATHS = NO;
				CLANG_CXX_LANGUAGE_STANDARD = "gnu++0x";
				CLANG_CXX_LIBRARY = "libc++";
				CLANG_ENABLE_MODULES = YES;
				CLANG_ENABLE_OBJC_ARC = YES;
				CLANG_WARN_BOOL_CONVERSION = YES;
				CLANG_WARN_CONSTANT_CONVERSION = YES;
				CLANG_WARN_DIRECT_OBJC_ISA_USAGE = YES_ERROR;
				CLANG_WARN_EMPTY_BODY = YES;
				CLANG_WARN_ENUM_CONVERSION = YES;
				CLANG_WARN_INT_CONVERSION = YES;
				CLANG_WARN_OBJC_ROOT_CLASS = YES_ERROR;
				CLANG_WARN_UNREACHABLE_CODE = YES;
				CLANG_WARN__DUPLICATE_METHOD_MATCH = YES;
				"CODE_SIGN_IDENTITY[sdk=iphoneos*]" = "iPhone Developer";
				COPY_PHASE_STRIP = NO;
				DEBUG_INFORMATION_FORMAT = "dwarf-with-dsym";
				ENABLE_NS_ASSERTIONS = NO;
				ENABLE_STRICT_OBJC_MSGSEND = YES;
				GCC_C_LANGUAGE_STANDARD = gnu99;
				GCC_NO_COMMON_BLOCKS = YES;
				GCC_WARN_64_TO_32_BIT_CONVERSION = YES;
				GCC_WARN_ABOUT_RETURN_TYPE = YES_ERROR;
				GCC_WARN_UNDECLARED_SELECTOR = YES;
				GCC_WARN_UNINITIALIZED_AUTOS = YES_AGGRESSIVE;
				GCC_WARN_UNUSED_FUNCTION = YES;
				GCC_WARN_UNUSED_VARIABLE = YES;
				IPHONEOS_DEPLOYMENT_TARGET = 9.2;
				MTL_ENABLE_DEBUG_INFO = NO;
				SDKROOT = iphoneos;
				TARGETED_DEVICE_FAMILY = "1,2";
				VALIDATE_PRODUCT = YES;
			};
			name = Release;
		};
		E4F4858B1C1E6B88007AD778 /* Debug */ = {
			isa = XCBuildConfiguration;
			buildSettings = {
				ASSETCATALOG_COMPILER_APPICON_NAME = AppIcon;
				CODE_SIGN_IDENTITY = "iPhone Developer";
				"CODE_SIGN_IDENTITY[sdk=iphoneos*]" = "iPhone Developer";
				ENABLE_BITCODE = NO;
				FRAMEWORK_SEARCH_PATHS = (
					"$(inherited)",
					"$(PROJECT_DIR)/battleship/Framework",
				);
				INFOPLIST_FILE = battleship/Info.plist;
				IPHONEOS_DEPLOYMENT_TARGET = 9.0;
				LD_RUNPATH_SEARCH_PATHS = "$(inherited) @executable_path/Frameworks";
				PRODUCT_BUNDLE_IDENTIFIER = trub.RTT.battleship;
				PRODUCT_NAME = "$(TARGET_NAME)";
				PROVISIONING_PROFILE = "";
			};
			name = Debug;
		};
		E4F4858C1C1E6B88007AD778 /* Release */ = {
			isa = XCBuildConfiguration;
			buildSettings = {
				ASSETCATALOG_COMPILER_APPICON_NAME = AppIcon;
				CODE_SIGN_IDENTITY = "iPhone Developer";
				"CODE_SIGN_IDENTITY[sdk=iphoneos*]" = "iPhone Developer";
				ENABLE_BITCODE = NO;
				FRAMEWORK_SEARCH_PATHS = (
					"$(inherited)",
					"$(PROJECT_DIR)/battleship/Framework",
				);
				INFOPLIST_FILE = battleship/Info.plist;
				IPHONEOS_DEPLOYMENT_TARGET = 9.0;
				LD_RUNPATH_SEARCH_PATHS = "$(inherited) @executable_path/Frameworks";
				PRODUCT_BUNDLE_IDENTIFIER = trub.RTT.battleship;
				PRODUCT_NAME = "$(TARGET_NAME)";
				PROVISIONING_PROFILE = "";
			};
			name = Release;
		};
/* End XCBuildConfiguration section */

/* Begin XCConfigurationList section */
		E4F4856E1C1E6B88007AD778 /* Build configuration list for PBXProject "battleship" */ = {
			isa = XCConfigurationList;
			buildConfigurations = (
				E4F485881C1E6B88007AD778 /* Debug */,
				E4F485891C1E6B88007AD778 /* Release */,
			);
			defaultConfigurationIsVisible = 0;
			defaultConfigurationName = Release;
		};
		E4F4858A1C1E6B88007AD778 /* Build configuration list for PBXNativeTarget "battleship" */ = {
			isa = XCConfigurationList;
			buildConfigurations = (
				E4F4858B1C1E6B88007AD778 /* Debug */,
				E4F4858C1C1E6B88007AD778 /* Release */,
			);
			defaultConfigurationIsVisible = 0;
			defaultConfigurationName = Release;
		};
/* End XCConfigurationList section */
	};
	rootObject = E4F4856B1C1E6B88007AD778 /* Project object */;
}
