// !$*UTF8*$!
{
	archiveVersion = 1;
	classes = {
	};
	objectVersion = 46;
	objects = {

/* Begin PBXBuildFile section */
		E41507961C3B8C7000C2BD82 /* ShotScreen.m in Sources */ = {isa = PBXBuildFile; fileRef = E4F4859C1C1F35F2007AD778 /* ShotScreen.m */; };
		E41507971C3B8C7000C2BD82 /* AppDelegate.m in Sources */ = {isa = PBXBuildFile; fileRef = E4F4857A1C1E6B88007AD778 /* AppDelegate.m */; };
		E41507981C3B8C7000C2BD82 /* FadeText.m in Sources */ = {isa = PBXBuildFile; fileRef = E4B07B3A1C2087A200E0BF0B /* FadeText.m */; };
		E41507991C3B8C7000C2BD82 /* GameViewController.m in Sources */ = {isa = PBXBuildFile; fileRef = E4F485941C1E71E5007AD778 /* GameViewController.m */; };
		E415079A1C3B8C7000C2BD82 /* StarfieldView.m in Sources */ = {isa = PBXBuildFile; fileRef = E4F485A31C1F9214007AD778 /* StarfieldView.m */; };
		E415079B1C3B8C7000C2BD82 /* CustomSpinnerView.m in Sources */ = {isa = PBXBuildFile; fileRef = E426E1B41C2909000054CBFA /* CustomSpinnerView.m */; };
		E415079C1C3B8C7000C2BD82 /* GameMatchingViewController.m in Sources */ = {isa = PBXBuildFile; fileRef = E103C84B1C221704006A78AF /* GameMatchingViewController.m */; };
		E415079D1C3B8C7000C2BD82 /* GameMenuViewController.m in Sources */ = {isa = PBXBuildFile; fileRef = E103C8481C22116E006A78AF /* GameMenuViewController.m */; };
		E415079E1C3B8C7000C2BD82 /* main.m in Sources */ = {isa = PBXBuildFile; fileRef = E4F485771C1E6B88007AD778 /* main.m */; };
		E415079F1C3B8C7000C2BD82 /* CustomSegue.m in Sources */ = {isa = PBXBuildFile; fileRef = E103C8511C223097006A78AF /* CustomSegue.m */; };
		E41507A01C3B8C7000C2BD82 /* ShipScreen.m in Sources */ = {isa = PBXBuildFile; fileRef = E4F4859A1C1F35E6007AD778 /* ShipScreen.m */; };
		E41507A11C3B8C7000C2BD82 /* Ship.m in Sources */ = {isa = PBXBuildFile; fileRef = E4F4859E1C1F4A10007AD778 /* Ship.m */; };
		E41507A21C3B8C7000C2BD82 /* Constants.m in Sources */ = {isa = PBXBuildFile; fileRef = E4F485AB1C1FA14F007AD778 /* Constants.m */; };
		E41507A41C3B8C7000C2BD82 /* AudioToolbox.framework in Frameworks */ = {isa = PBXBuildFile; fileRef = E103C8331C220F22006A78AF /* AudioToolbox.framework */; };
		E41507A51C3B8C7000C2BD82 /* CFNetwork.framework in Frameworks */ = {isa = PBXBuildFile; fileRef = E103C8341C220F22006A78AF /* CFNetwork.framework */; };
		E41507A61C3B8C7000C2BD82 /* CoreGraphics.framework in Frameworks */ = {isa = PBXBuildFile; fileRef = E103C8351C220F22006A78AF /* CoreGraphics.framework */; };
		E41507A71C3B8C7000C2BD82 /* CoreLocation.framework in Frameworks */ = {isa = PBXBuildFile; fileRef = E103C8361C220F22006A78AF /* CoreLocation.framework */; };
		E41507A81C3B8C7000C2BD82 /* libsqlite3.tbd in Frameworks */ = {isa = PBXBuildFile; fileRef = E103C8371C220F22006A78AF /* libsqlite3.tbd */; };
		E41507A91C3B8C7000C2BD82 /* libz.tbd in Frameworks */ = {isa = PBXBuildFile; fileRef = E103C8381C220F22006A78AF /* libz.tbd */; };
		E41507AA1C3B8C7000C2BD82 /* QuartzCore.framework in Frameworks */ = {isa = PBXBuildFile; fileRef = E103C8391C220F22006A78AF /* QuartzCore.framework */; };
		E41507AB1C3B8C7000C2BD82 /* Security.framework in Frameworks */ = {isa = PBXBuildFile; fileRef = E103C83A1C220F22006A78AF /* Security.framework */; };
		E41507AD1C3B8C7000C2BD82 /* SystemConfiguration.framework in Frameworks */ = {isa = PBXBuildFile; fileRef = E103C83C1C220F22006A78AF /* SystemConfiguration.framework */; };
		E41507AE1C3B8C7000C2BD82 /* ParseUI.framework in Frameworks */ = {isa = PBXBuildFile; fileRef = E103C82C1C220ECD006A78AF /* ParseUI.framework */; };
		E41507AF1C3B8C7000C2BD82 /* Parse.framework in Frameworks */ = {isa = PBXBuildFile; fileRef = E103C8281C220ECD006A78AF /* Parse.framework */; };
		E41507B01C3B8C7000C2BD82 /* Bolts.framework in Frameworks */ = {isa = PBXBuildFile; fileRef = E103C8271C220ECD006A78AF /* Bolts.framework */; };
		E41507B11C3B8C7000C2BD82 /* ParseFacebookUtilsV4.framework in Frameworks */ = {isa = PBXBuildFile; fileRef = E103C82A1C220ECD006A78AF /* ParseFacebookUtilsV4.framework */; };
		E41507B21C3B8C7000C2BD82 /* ParseFacebookUtils.framework in Frameworks */ = {isa = PBXBuildFile; fileRef = E103C8291C220ECD006A78AF /* ParseFacebookUtils.framework */; };
		E41507B31C3B8C7000C2BD82 /* ParseTwitterUtils.framework in Frameworks */ = {isa = PBXBuildFile; fileRef = E103C82B1C220ECD006A78AF /* ParseTwitterUtils.framework */; };
		E41507B51C3B8C7000C2BD82 /* (null) in Resources */ = {isa = PBXBuildFile; };
		E41507B61C3B8C7000C2BD82 /* LaunchScreen.storyboard in Resources */ = {isa = PBXBuildFile; fileRef = E4F485841C1E6B88007AD778 /* LaunchScreen.storyboard */; };
		E41507B71C3B8C7000C2BD82 /* Localizable.strings in Resources */ = {isa = PBXBuildFile; fileRef = 30AE52781C1F401D00C2DAF8 /* Localizable.strings */; };
		E41507B81C3B8C7000C2BD82 /* smallExplosion.mp3 in Resources */ = {isa = PBXBuildFile; fileRef = 300ED70D1C3B7744005EADF2 /* smallExplosion.mp3 */; };
		E41507B91C3B8C7000C2BD82 /* 3Explosions.mp3 in Resources */ = {isa = PBXBuildFile; fileRef = 30AE52C11C23A4FF00C2DAF8 /* 3Explosions.mp3 */; };
		E41507BA1C3B8C7000C2BD82 /* failedExplosion.mp3 in Resources */ = {isa = PBXBuildFile; fileRef = 300ED70C1C3B7744005EADF2 /* failedExplosion.mp3 */; };
		E41507BB1C3B8C7000C2BD82 /* Assets.xcassets in Resources */ = {isa = PBXBuildFile; fileRef = E4F485821C1E6B88007AD778 /* Assets.xcassets */; };
		E41507BC1C3B8C7000C2BD82 /* Main.storyboard in Resources */ = {isa = PBXBuildFile; fileRef = E4F4857F1C1E6B88007AD778 /* Main.storyboard */; };
		E41507CB1C48843400C2BD82 /* backgroundMusic.mp3 in Resources */ = {isa = PBXBuildFile; fileRef = 300ED7141C3C3234005EADF2 /* backgroundMusic.mp3 */; };
/* End PBXBuildFile section */

/* Begin PBXFileReference section */
		300ED70C1C3B7744005EADF2 /* failedExplosion.mp3 */ = {isa = PBXFileReference; lastKnownFileType = audio.mp3; path = failedExplosion.mp3; sourceTree = "<group>"; };
		300ED70D1C3B7744005EADF2 /* smallExplosion.mp3 */ = {isa = PBXFileReference; lastKnownFileType = audio.mp3; path = smallExplosion.mp3; sourceTree = "<group>"; };
		300ED7141C3C3234005EADF2 /* backgroundMusic.mp3 */ = {isa = PBXFileReference; lastKnownFileType = audio.mp3; path = backgroundMusic.mp3; sourceTree = "<group>"; };
		30AE52741C1F3F9B00C2DAF8 /* es-MX */ = {isa = PBXFileReference; lastKnownFileType = text.plist.strings; name = "es-MX"; path = "es-MX.lproj/Main.strings"; sourceTree = "<group>"; };
		30AE52751C1F3F9B00C2DAF8 /* es-MX */ = {isa = PBXFileReference; lastKnownFileType = text.plist.strings; name = "es-MX"; path = "es-MX.lproj/LaunchScreen.strings"; sourceTree = "<group>"; };
		30AE52771C1F401D00C2DAF8 /* en */ = {isa = PBXFileReference; lastKnownFileType = text.plist.strings; name = en; path = en.lproj/Localizable.strings; sourceTree = "<group>"; };
		30AE52C11C23A4FF00C2DAF8 /* 3Explosions.mp3 */ = {isa = PBXFileReference; lastKnownFileType = audio.mp3; path = 3Explosions.mp3; sourceTree = "<group>"; };
		30AE52C31C23CFE400C2DAF8 /* es-MX */ = {isa = PBXFileReference; lastKnownFileType = text.plist.strings; name = "es-MX"; path = "es-MX.lproj/Localizable.strings"; sourceTree = "<group>"; };
		E103C8271C220ECD006A78AF /* Bolts.framework */ = {isa = PBXFileReference; lastKnownFileType = wrapper.framework; path = Bolts.framework; sourceTree = "<group>"; };
		E103C8281C220ECD006A78AF /* Parse.framework */ = {isa = PBXFileReference; lastKnownFileType = wrapper.framework; path = Parse.framework; sourceTree = "<group>"; };
		E103C8291C220ECD006A78AF /* ParseFacebookUtils.framework */ = {isa = PBXFileReference; lastKnownFileType = wrapper.framework; path = ParseFacebookUtils.framework; sourceTree = "<group>"; };
		E103C82A1C220ECD006A78AF /* ParseFacebookUtilsV4.framework */ = {isa = PBXFileReference; lastKnownFileType = wrapper.framework; path = ParseFacebookUtilsV4.framework; sourceTree = "<group>"; };
		E103C82B1C220ECD006A78AF /* ParseTwitterUtils.framework */ = {isa = PBXFileReference; lastKnownFileType = wrapper.framework; path = ParseTwitterUtils.framework; sourceTree = "<group>"; };
		E103C82C1C220ECD006A78AF /* ParseUI.framework */ = {isa = PBXFileReference; lastKnownFileType = wrapper.framework; path = ParseUI.framework; sourceTree = "<group>"; };
		E103C8331C220F22006A78AF /* AudioToolbox.framework */ = {isa = PBXFileReference; lastKnownFileType = wrapper.framework; name = AudioToolbox.framework; path = System/Library/Frameworks/AudioToolbox.framework; sourceTree = SDKROOT; };
		E103C8341C220F22006A78AF /* CFNetwork.framework */ = {isa = PBXFileReference; lastKnownFileType = wrapper.framework; name = CFNetwork.framework; path = System/Library/Frameworks/CFNetwork.framework; sourceTree = SDKROOT; };
		E103C8351C220F22006A78AF /* CoreGraphics.framework */ = {isa = PBXFileReference; lastKnownFileType = wrapper.framework; name = CoreGraphics.framework; path = System/Library/Frameworks/CoreGraphics.framework; sourceTree = SDKROOT; };
		E103C8361C220F22006A78AF /* CoreLocation.framework */ = {isa = PBXFileReference; lastKnownFileType = wrapper.framework; name = CoreLocation.framework; path = System/Library/Frameworks/CoreLocation.framework; sourceTree = SDKROOT; };
		E103C8371C220F22006A78AF /* libsqlite3.tbd */ = {isa = PBXFileReference; lastKnownFileType = "sourcecode.text-based-dylib-definition"; name = libsqlite3.tbd; path = usr/lib/libsqlite3.tbd; sourceTree = SDKROOT; };
		E103C8381C220F22006A78AF /* libz.tbd */ = {isa = PBXFileReference; lastKnownFileType = "sourcecode.text-based-dylib-definition"; name = libz.tbd; path = usr/lib/libz.tbd; sourceTree = SDKROOT; };
		E103C8391C220F22006A78AF /* QuartzCore.framework */ = {isa = PBXFileReference; lastKnownFileType = wrapper.framework; name = QuartzCore.framework; path = System/Library/Frameworks/QuartzCore.framework; sourceTree = SDKROOT; };
		E103C83A1C220F22006A78AF /* Security.framework */ = {isa = PBXFileReference; lastKnownFileType = wrapper.framework; name = Security.framework; path = System/Library/Frameworks/Security.framework; sourceTree = SDKROOT; };
		E103C83C1C220F22006A78AF /* SystemConfiguration.framework */ = {isa = PBXFileReference; lastKnownFileType = wrapper.framework; name = SystemConfiguration.framework; path = System/Library/Frameworks/SystemConfiguration.framework; sourceTree = SDKROOT; };
		E103C8471C22116E006A78AF /* GameMenuViewController.h */ = {isa = PBXFileReference; fileEncoding = 4; lastKnownFileType = sourcecode.c.h; path = GameMenuViewController.h; sourceTree = "<group>"; };
		E103C8481C22116E006A78AF /* GameMenuViewController.m */ = {isa = PBXFileReference; fileEncoding = 4; lastKnownFileType = sourcecode.c.objc; path = GameMenuViewController.m; sourceTree = "<group>"; };
		E103C84A1C221704006A78AF /* GameMatchingViewController.h */ = {isa = PBXFileReference; fileEncoding = 4; lastKnownFileType = sourcecode.c.h; path = GameMatchingViewController.h; sourceTree = "<group>"; };
		E103C84B1C221704006A78AF /* GameMatchingViewController.m */ = {isa = PBXFileReference; fileEncoding = 4; lastKnownFileType = sourcecode.c.objc; path = GameMatchingViewController.m; sourceTree = "<group>"; };
		E103C8501C223097006A78AF /* CustomSegue.h */ = {isa = PBXFileReference; fileEncoding = 4; lastKnownFileType = sourcecode.c.h; path = CustomSegue.h; sourceTree = "<group>"; };
		E103C8511C223097006A78AF /* CustomSegue.m */ = {isa = PBXFileReference; fileEncoding = 4; lastKnownFileType = sourcecode.c.objc; path = CustomSegue.m; sourceTree = "<group>"; };
		E41507931C3B8C5E00C2BD82 /* battleship copy-Info.plist */ = {isa = PBXFileReference; lastKnownFileType = text.plist.xml; name = "battleship copy-Info.plist"; path = "/Users/theodoreabshire/Desktop/codefellows/battleship/battleship copy-Info.plist"; sourceTree = "<absolute>"; };
		E41507C01C3B8C7000C2BD82 /* Space Fleet.app */ = {isa = PBXFileReference; explicitFileType = wrapper.application; includeInIndex = 0; path = "Space Fleet.app"; sourceTree = BUILT_PRODUCTS_DIR; };
		E41507C11C3B8C7000C2BD82 /* battleship copy2-Info.plist */ = {isa = PBXFileReference; lastKnownFileType = text.plist.xml; name = "battleship copy2-Info.plist"; path = "/Users/theodoreabshire/Desktop/codefellows/battleship/battleship copy2-Info.plist"; sourceTree = "<absolute>"; };
		E426E1B31C2909000054CBFA /* CustomSpinnerView.h */ = {isa = PBXFileReference; fileEncoding = 4; lastKnownFileType = sourcecode.c.h; path = CustomSpinnerView.h; sourceTree = "<group>"; };
		E426E1B41C2909000054CBFA /* CustomSpinnerView.m */ = {isa = PBXFileReference; fileEncoding = 4; lastKnownFileType = sourcecode.c.objc; path = CustomSpinnerView.m; sourceTree = "<group>"; };
		E4B07B391C2087A200E0BF0B /* FadeText.h */ = {isa = PBXFileReference; fileEncoding = 4; lastKnownFileType = sourcecode.c.h; path = FadeText.h; sourceTree = "<group>"; };
		E4B07B3A1C2087A200E0BF0B /* FadeText.m */ = {isa = PBXFileReference; fileEncoding = 4; lastKnownFileType = sourcecode.c.objc; path = FadeText.m; sourceTree = "<group>"; };
		E4F485771C1E6B88007AD778 /* main.m */ = {isa = PBXFileReference; lastKnownFileType = sourcecode.c.objc; path = main.m; sourceTree = "<group>"; };
		E4F485791C1E6B88007AD778 /* AppDelegate.h */ = {isa = PBXFileReference; lastKnownFileType = sourcecode.c.h; path = AppDelegate.h; sourceTree = "<group>"; };
		E4F4857A1C1E6B88007AD778 /* AppDelegate.m */ = {isa = PBXFileReference; lastKnownFileType = sourcecode.c.objc; path = AppDelegate.m; sourceTree = "<group>"; };
		E4F485801C1E6B88007AD778 /* Base */ = {isa = PBXFileReference; lastKnownFileType = file.storyboard; name = Base; path = Base.lproj/Main.storyboard; sourceTree = "<group>"; };
		E4F485821C1E6B88007AD778 /* Assets.xcassets */ = {isa = PBXFileReference; lastKnownFileType = folder.assetcatalog; path = Assets.xcassets; sourceTree = "<group>"; };
		E4F485851C1E6B88007AD778 /* Base */ = {isa = PBXFileReference; lastKnownFileType = file.storyboard; name = Base; path = Base.lproj/LaunchScreen.storyboard; sourceTree = "<group>"; };
		E4F485871C1E6B88007AD778 /* Info.plist */ = {isa = PBXFileReference; lastKnownFileType = text.plist.xml; path = Info.plist; sourceTree = "<group>"; };
		E4F485901C1E6D31007AD778 /* Ship.h */ = {isa = PBXFileReference; lastKnownFileType = sourcecode.c.h; path = Ship.h; sourceTree = "<group>"; };
		E4F485911C1E6EB5007AD778 /* ShotScreen.h */ = {isa = PBXFileReference; lastKnownFileType = sourcecode.c.h; path = ShotScreen.h; sourceTree = "<group>"; };
		E4F485921C1E6F0F007AD778 /* ShipScreen.h */ = {isa = PBXFileReference; lastKnownFileType = sourcecode.c.h; path = ShipScreen.h; sourceTree = "<group>"; };
		E4F485931C1E71E5007AD778 /* GameViewController.h */ = {isa = PBXFileReference; fileEncoding = 4; lastKnownFileType = sourcecode.c.h; path = GameViewController.h; sourceTree = "<group>"; };
		E4F485941C1E71E5007AD778 /* GameViewController.m */ = {isa = PBXFileReference; fileEncoding = 4; lastKnownFileType = sourcecode.c.objc; path = GameViewController.m; sourceTree = "<group>"; };
		E4F485961C1E7BFE007AD778 /* Constants.h */ = {isa = PBXFileReference; lastKnownFileType = sourcecode.c.h; path = Constants.h; sourceTree = "<group>"; };
		E4F4859A1C1F35E6007AD778 /* ShipScreen.m */ = {isa = PBXFileReference; fileEncoding = 4; lastKnownFileType = sourcecode.c.objc; path = ShipScreen.m; sourceTree = "<group>"; };
		E4F4859C1C1F35F2007AD778 /* ShotScreen.m */ = {isa = PBXFileReference; fileEncoding = 4; lastKnownFileType = sourcecode.c.objc; path = ShotScreen.m; sourceTree = "<group>"; };
		E4F4859E1C1F4A10007AD778 /* Ship.m */ = {isa = PBXFileReference; fileEncoding = 4; lastKnownFileType = sourcecode.c.objc; path = Ship.m; sourceTree = "<group>"; };
		E4F485A21C1F9214007AD778 /* StarfieldView.h */ = {isa = PBXFileReference; fileEncoding = 4; lastKnownFileType = sourcecode.c.h; path = StarfieldView.h; sourceTree = "<group>"; };
		E4F485A31C1F9214007AD778 /* StarfieldView.m */ = {isa = PBXFileReference; fileEncoding = 4; lastKnownFileType = sourcecode.c.objc; path = StarfieldView.m; sourceTree = "<group>"; };
		E4F485AB1C1FA14F007AD778 /* Constants.m */ = {isa = PBXFileReference; fileEncoding = 4; lastKnownFileType = sourcecode.c.objc; path = Constants.m; sourceTree = "<group>"; };
/* End PBXFileReference section */

/* Begin PBXFrameworksBuildPhase section */
		E41507A31C3B8C7000C2BD82 /* Frameworks */ = {
			isa = PBXFrameworksBuildPhase;
			buildActionMask = 2147483647;
			files = (
				E41507A41C3B8C7000C2BD82 /* AudioToolbox.framework in Frameworks */,
				E41507A51C3B8C7000C2BD82 /* CFNetwork.framework in Frameworks */,
				E41507A61C3B8C7000C2BD82 /* CoreGraphics.framework in Frameworks */,
				E41507A71C3B8C7000C2BD82 /* CoreLocation.framework in Frameworks */,
				E41507A81C3B8C7000C2BD82 /* libsqlite3.tbd in Frameworks */,
				E41507A91C3B8C7000C2BD82 /* libz.tbd in Frameworks */,
				E41507AA1C3B8C7000C2BD82 /* QuartzCore.framework in Frameworks */,
				E41507AB1C3B8C7000C2BD82 /* Security.framework in Frameworks */,
				E41507AD1C3B8C7000C2BD82 /* SystemConfiguration.framework in Frameworks */,
				E41507AE1C3B8C7000C2BD82 /* ParseUI.framework in Frameworks */,
				E41507AF1C3B8C7000C2BD82 /* Parse.framework in Frameworks */,
				E41507B01C3B8C7000C2BD82 /* Bolts.framework in Frameworks */,
				E41507B11C3B8C7000C2BD82 /* ParseFacebookUtilsV4.framework in Frameworks */,
				E41507B21C3B8C7000C2BD82 /* ParseFacebookUtils.framework in Frameworks */,
				E41507B31C3B8C7000C2BD82 /* ParseTwitterUtils.framework in Frameworks */,
			);
			runOnlyForDeploymentPostprocessing = 0;
		};
/* End PBXFrameworksBuildPhase section */

/* Begin PBXGroup section */
		30AE52791C1F403F00C2DAF8 /* Localization */ = {
			isa = PBXGroup;
			children = (
				30AE52781C1F401D00C2DAF8 /* Localizable.strings */,
			);
			name = Localization;
			sourceTree = "<group>";
		};
		E103C8261C220ECD006A78AF /* parse-library-1.11.0 */ = {
			isa = PBXGroup;
			children = (
				E103C8271C220ECD006A78AF /* Bolts.framework */,
				E103C8281C220ECD006A78AF /* Parse.framework */,
				E103C8291C220ECD006A78AF /* ParseFacebookUtils.framework */,
				E103C82A1C220ECD006A78AF /* ParseFacebookUtilsV4.framework */,
				E103C82B1C220ECD006A78AF /* ParseTwitterUtils.framework */,
				E103C82C1C220ECD006A78AF /* ParseUI.framework */,
			);
			path = "parse-library-1.11.0";
			sourceTree = "<group>";
		};
		E4F4856A1C1E6B88007AD778 = {
			isa = PBXGroup;
			children = (
				E103C8331C220F22006A78AF /* AudioToolbox.framework */,
				E103C8341C220F22006A78AF /* CFNetwork.framework */,
				E103C8351C220F22006A78AF /* CoreGraphics.framework */,
				E103C8361C220F22006A78AF /* CoreLocation.framework */,
				E103C8371C220F22006A78AF /* libsqlite3.tbd */,
				E103C8381C220F22006A78AF /* libz.tbd */,
				E103C8391C220F22006A78AF /* QuartzCore.framework */,
				E103C83A1C220F22006A78AF /* Security.framework */,
				E103C83C1C220F22006A78AF /* SystemConfiguration.framework */,
				E4F485751C1E6B88007AD778 /* battleship */,
				E4F485741C1E6B88007AD778 /* Products */,
				E103C8261C220ECD006A78AF /* parse-library-1.11.0 */,
				E41507931C3B8C5E00C2BD82 /* battleship copy-Info.plist */,
				E41507C11C3B8C7000C2BD82 /* battleship copy2-Info.plist */,
			);
			sourceTree = "<group>";
		};
		E4F485741C1E6B88007AD778 /* Products */ = {
			isa = PBXGroup;
			children = (
				E41507C01C3B8C7000C2BD82 /* Space Fleet.app */,
			);
			name = Products;
			sourceTree = "<group>";
		};
		E4F485751C1E6B88007AD778 /* battleship */ = {
			isa = PBXGroup;
			children = (
				E4F4858D1C1E6B97007AD778 /* Model */,
				E4F4858F1C1E6BF1007AD778 /* Controller */,
				E4F4858E1C1E6BE9007AD778 /* View */,
				E4F485761C1E6B88007AD778 /* Supporting Files */,
			);
			path = battleship;
			sourceTree = "<group>";
		};
		E4F485761C1E6B88007AD778 /* Supporting Files */ = {
			isa = PBXGroup;
			children = (
				300ED7141C3C3234005EADF2 /* backgroundMusic.mp3 */,
				300ED70C1C3B7744005EADF2 /* failedExplosion.mp3 */,
				300ED70D1C3B7744005EADF2 /* smallExplosion.mp3 */,
				30AE52C11C23A4FF00C2DAF8 /* 3Explosions.mp3 */,
				30AE52791C1F403F00C2DAF8 /* Localization */,
				E4F485791C1E6B88007AD778 /* AppDelegate.h */,
				E4F4857A1C1E6B88007AD778 /* AppDelegate.m */,
				E4F485871C1E6B88007AD778 /* Info.plist */,
				E4F485841C1E6B88007AD778 /* LaunchScreen.storyboard */,
				E4F485821C1E6B88007AD778 /* Assets.xcassets */,
				E4F485771C1E6B88007AD778 /* main.m */,
			);
			name = "Supporting Files";
			sourceTree = "<group>";
		};
		E4F4858D1C1E6B97007AD778 /* Model */ = {
			isa = PBXGroup;
			children = (
				E4F485901C1E6D31007AD778 /* Ship.h */,
				E4F4859E1C1F4A10007AD778 /* Ship.m */,
				E4F485911C1E6EB5007AD778 /* ShotScreen.h */,
				E4F4859C1C1F35F2007AD778 /* ShotScreen.m */,
				E4F485921C1E6F0F007AD778 /* ShipScreen.h */,
				E4F4859A1C1F35E6007AD778 /* ShipScreen.m */,
				E4F485961C1E7BFE007AD778 /* Constants.h */,
				E4F485AB1C1FA14F007AD778 /* Constants.m */,
			);
			name = Model;
			sourceTree = "<group>";
		};
		E4F4858E1C1E6BE9007AD778 /* View */ = {
			isa = PBXGroup;
			children = (
				E426E1B31C2909000054CBFA /* CustomSpinnerView.h */,
				E426E1B41C2909000054CBFA /* CustomSpinnerView.m */,
				E103C8501C223097006A78AF /* CustomSegue.h */,
				E103C8511C223097006A78AF /* CustomSegue.m */,
				E4F485A21C1F9214007AD778 /* StarfieldView.h */,
				E4F485A31C1F9214007AD778 /* StarfieldView.m */,
				E4B07B391C2087A200E0BF0B /* FadeText.h */,
				E4B07B3A1C2087A200E0BF0B /* FadeText.m */,
				E4F4857F1C1E6B88007AD778 /* Main.storyboard */,
			);
			name = View;
			sourceTree = "<group>";
		};
		E4F4858F1C1E6BF1007AD778 /* Controller */ = {
			isa = PBXGroup;
			children = (
				E4F485931C1E71E5007AD778 /* GameViewController.h */,
				E4F485941C1E71E5007AD778 /* GameViewController.m */,
				E103C8471C22116E006A78AF /* GameMenuViewController.h */,
				E103C8481C22116E006A78AF /* GameMenuViewController.m */,
				E103C84A1C221704006A78AF /* GameMatchingViewController.h */,
				E103C84B1C221704006A78AF /* GameMatchingViewController.m */,
			);
			name = Controller;
			sourceTree = "<group>";
		};
/* End PBXGroup section */

/* Begin PBXNativeTarget section */
		E41507941C3B8C7000C2BD82 /* Space Fleet */ = {
			isa = PBXNativeTarget;
			buildConfigurationList = E41507BD1C3B8C7000C2BD82 /* Build configuration list for PBXNativeTarget "Space Fleet" */;
			buildPhases = (
				E41507951C3B8C7000C2BD82 /* Sources */,
				E41507A31C3B8C7000C2BD82 /* Frameworks */,
				E41507B41C3B8C7000C2BD82 /* Resources */,
			);
			buildRules = (
			);
			dependencies = (
			);
			name = "Space Fleet";
			productName = battleship;
			productReference = E41507C01C3B8C7000C2BD82 /* Space Fleet.app */;
			productType = "com.apple.product-type.application";
		};
/* End PBXNativeTarget section */

/* Begin PBXProject section */
		E4F4856B1C1E6B88007AD778 /* Project object */ = {
			isa = PBXProject;
			attributes = {
				LastUpgradeCheck = 0720;
				ORGANIZATIONNAME = "Roman, Theodore, and Trub";
				TargetAttributes = {
					E41507941C3B8C7000C2BD82 = {
						DevelopmentTeam = 532676UT4G;
						SystemCapabilities = {
							com.apple.InAppPurchase = {
								enabled = 0;
							};
						};
					};
				};
			};
			buildConfigurationList = E4F4856E1C1E6B88007AD778 /* Build configuration list for PBXProject "battleship" */;
			compatibilityVersion = "Xcode 3.2";
			developmentRegion = English;
			hasScannedForEncodings = 0;
			knownRegions = (
				en,
				Base,
				"es-MX",
			);
			mainGroup = E4F4856A1C1E6B88007AD778;
			productRefGroup = E4F485741C1E6B88007AD778 /* Products */;
			projectDirPath = "";
			projectRoot = "";
			targets = (
				E41507941C3B8C7000C2BD82 /* Space Fleet */,
			);
		};
/* End PBXProject section */

/* Begin PBXResourcesBuildPhase section */
		E41507B41C3B8C7000C2BD82 /* Resources */ = {
			isa = PBXResourcesBuildPhase;
			buildActionMask = 2147483647;
			files = (
				E41507B51C3B8C7000C2BD82 /* (null) in Resources */,
				E41507B61C3B8C7000C2BD82 /* LaunchScreen.storyboard in Resources */,
				E41507B71C3B8C7000C2BD82 /* Localizable.strings in Resources */,
				E41507B81C3B8C7000C2BD82 /* smallExplosion.mp3 in Resources */,
				E41507CB1C48843400C2BD82 /* backgroundMusic.mp3 in Resources */,
				E41507B91C3B8C7000C2BD82 /* 3Explosions.mp3 in Resources */,
				E41507BA1C3B8C7000C2BD82 /* failedExplosion.mp3 in Resources */,
				E41507BB1C3B8C7000C2BD82 /* Assets.xcassets in Resources */,
				E41507BC1C3B8C7000C2BD82 /* Main.storyboard in Resources */,
			);
			runOnlyForDeploymentPostprocessing = 0;
		};
/* End PBXResourcesBuildPhase section */

/* Begin PBXSourcesBuildPhase section */
		E41507951C3B8C7000C2BD82 /* Sources */ = {
			isa = PBXSourcesBuildPhase;
			buildActionMask = 2147483647;
			files = (
				E41507961C3B8C7000C2BD82 /* ShotScreen.m in Sources */,
				E41507971C3B8C7000C2BD82 /* AppDelegate.m in Sources */,
				E41507981C3B8C7000C2BD82 /* FadeText.m in Sources */,
				E41507991C3B8C7000C2BD82 /* GameViewController.m in Sources */,
				E415079A1C3B8C7000C2BD82 /* StarfieldView.m in Sources */,
				E415079B1C3B8C7000C2BD82 /* CustomSpinnerView.m in Sources */,
				E415079C1C3B8C7000C2BD82 /* GameMatchingViewController.m in Sources */,
				E415079D1C3B8C7000C2BD82 /* GameMenuViewController.m in Sources */,
				E415079E1C3B8C7000C2BD82 /* main.m in Sources */,
				E415079F1C3B8C7000C2BD82 /* CustomSegue.m in Sources */,
				E41507A01C3B8C7000C2BD82 /* ShipScreen.m in Sources */,
				E41507A11C3B8C7000C2BD82 /* Ship.m in Sources */,
				E41507A21C3B8C7000C2BD82 /* Constants.m in Sources */,
			);
			runOnlyForDeploymentPostprocessing = 0;
		};
/* End PBXSourcesBuildPhase section */

/* Begin PBXVariantGroup section */
		30AE52781C1F401D00C2DAF8 /* Localizable.strings */ = {
			isa = PBXVariantGroup;
			children = (
				30AE52771C1F401D00C2DAF8 /* en */,
				30AE52C31C23CFE400C2DAF8 /* es-MX */,
			);
			name = Localizable.strings;
			path = ..;
			sourceTree = "<group>";
		};
		E4F4857F1C1E6B88007AD778 /* Main.storyboard */ = {
			isa = PBXVariantGroup;
			children = (
				E4F485801C1E6B88007AD778 /* Base */,
				30AE52741C1F3F9B00C2DAF8 /* es-MX */,
			);
			name = Main.storyboard;
			sourceTree = "<group>";
		};
		E4F485841C1E6B88007AD778 /* LaunchScreen.storyboard */ = {
			isa = PBXVariantGroup;
			children = (
				E4F485851C1E6B88007AD778 /* Base */,
				30AE52751C1F3F9B00C2DAF8 /* es-MX */,
			);
			name = LaunchScreen.storyboard;
			sourceTree = "<group>";
		};
/* End PBXVariantGroup section */

/* Begin XCBuildConfiguration section */
		E41507BE1C3B8C7000C2BD82 /* Debug */ = {
			isa = XCBuildConfiguration;
			buildSettings = {
				ASSETCATALOG_COMPILER_APPICON_NAME = AppIcon;
				CODE_SIGN_IDENTITY = "iPhone Developer";
				"CODE_SIGN_IDENTITY[sdk=iphoneos*]" = "iPhone Developer";
				ENABLE_BITCODE = NO;
				FRAMEWORK_SEARCH_PATHS = (
					"$(inherited)",
					"$(PROJECT_DIR)/battleship/Framework",
					"$(PROJECT_DIR)/parse-library-1.11.0",
				);
				INFOPLIST_FILE = "battleship copy2-Info.plist";
				IPHONEOS_DEPLOYMENT_TARGET = 9.0;
				LD_RUNPATH_SEARCH_PATHS = "$(inherited) @executable_path/Frameworks";
				PRODUCT_BUNDLE_IDENTIFIER = RTT.spacefleet;
				PRODUCT_NAME = "$(TARGET_NAME)";
				PROVISIONING_PROFILE = "";
				TARGETED_DEVICE_FAMILY = "1,2";
			};
			name = Debug;
		};
		E41507BF1C3B8C7000C2BD82 /* Release */ = {
			isa = XCBuildConfiguration;
			buildSettings = {
				ASSETCATALOG_COMPILER_APPICON_NAME = AppIcon;
				CODE_SIGN_IDENTITY = "iPhone Developer";
				"CODE_SIGN_IDENTITY[sdk=iphoneos*]" = "iPhone Developer";
				ENABLE_BITCODE = NO;
				FRAMEWORK_SEARCH_PATHS = (
					"$(inherited)",
					"$(PROJECT_DIR)/battleship/Framework",
					"$(PROJECT_DIR)/parse-library-1.11.0",
				);
				INFOPLIST_FILE = "battleship copy2-Info.plist";
				IPHONEOS_DEPLOYMENT_TARGET = 9.0;
				LD_RUNPATH_SEARCH_PATHS = "$(inherited) @executable_path/Frameworks";
				PRODUCT_BUNDLE_IDENTIFIER = RTT.spacefleet;
				PRODUCT_NAME = "$(TARGET_NAME)";
				PROVISIONING_PROFILE = "";
				TARGETED_DEVICE_FAMILY = "1,2";
			};
			name = Release;
		};
		E4F485881C1E6B88007AD778 /* Debug */ = {
			isa = XCBuildConfiguration;
			buildSettings = {
				ALWAYS_SEARCH_USER_PATHS = NO;
				CLANG_CXX_LANGUAGE_STANDARD = "gnu++0x";
				CLANG_CXX_LIBRARY = "libc++";
				CLANG_ENABLE_MODULES = YES;
				CLANG_ENABLE_OBJC_ARC = YES;
				CLANG_WARN_BOOL_CONVERSION = YES;
				CLANG_WARN_CONSTANT_CONVERSION = YES;
				CLANG_WARN_DIRECT_OBJC_ISA_USAGE = YES_ERROR;
				CLANG_WARN_EMPTY_BODY = YES;
				CLANG_WARN_ENUM_CONVERSION = YES;
				CLANG_WARN_INT_CONVERSION = YES;
				CLANG_WARN_OBJC_ROOT_CLASS = YES_ERROR;
				CLANG_WARN_UNREACHABLE_CODE = YES;
				CLANG_WARN__DUPLICATE_METHOD_MATCH = YES;
				CODE_SIGN_IDENTITY = "iPhone Distribution";
				"CODE_SIGN_IDENTITY[sdk=iphoneos*]" = "iPhone Developer";
				COPY_PHASE_STRIP = NO;
				DEBUG_INFORMATION_FORMAT = dwarf;
				ENABLE_STRICT_OBJC_MSGSEND = YES;
				ENABLE_TESTABILITY = YES;
				GCC_C_LANGUAGE_STANDARD = gnu99;
				GCC_DYNAMIC_NO_PIC = NO;
				GCC_NO_COMMON_BLOCKS = YES;
				GCC_OPTIMIZATION_LEVEL = 0;
				GCC_PREPROCESSOR_DEFINITIONS = (
					"DEBUG=1",
					"$(inherited)",
				);
				GCC_WARN_64_TO_32_BIT_CONVERSION = YES;
				GCC_WARN_ABOUT_RETURN_TYPE = YES_ERROR;
				GCC_WARN_UNDECLARED_SELECTOR = YES;
				GCC_WARN_UNINITIALIZED_AUTOS = YES_AGGRESSIVE;
				GCC_WARN_UNUSED_FUNCTION = YES;
				GCC_WARN_UNUSED_VARIABLE = YES;
				IPHONEOS_DEPLOYMENT_TARGET = 9.2;
				MTL_ENABLE_DEBUG_INFO = YES;
				ONLY_ACTIVE_ARCH = YES;
				SDKROOT = iphoneos;
				TARGETED_DEVICE_FAMILY = "1,2";
			};
			name = Debug;
		};
		E4F485891C1E6B88007AD778 /* Release */ = {
			isa = XCBuildConfiguration;
			buildSettings = {
				ALWAYS_SEARCH_USER_PATHS = NO;
				CLANG_CXX_LANGUAGE_STANDARD = "gnu++0x";
				CLANG_CXX_LIBRARY = "libc++";
				CLANG_ENABLE_MODULES = YES;
				CLANG_ENABLE_OBJC_ARC = YES;
				CLANG_WARN_BOOL_CONVERSION = YES;
				CLANG_WARN_CONSTANT_CONVERSION = YES;
				CLANG_WARN_DIRECT_OBJC_ISA_USAGE = YES_ERROR;
				CLANG_WARN_EMPTY_BODY = YES;
				CLANG_WARN_ENUM_CONVERSION = YES;
				CLANG_WARN_INT_CONVERSION = YES;
				CLANG_WARN_OBJC_ROOT_CLASS = YES_ERROR;
				CLANG_WARN_UNREACHABLE_CODE = YES;
				CLANG_WARN__DUPLICATE_METHOD_MATCH = YES;
				CODE_SIGN_IDENTITY = "iPhone Distribution";
				"CODE_SIGN_IDENTITY[sdk=iphoneos*]" = "iPhone Developer";
				COPY_PHASE_STRIP = NO;
				DEBUG_INFORMATION_FORMAT = "dwarf-with-dsym";
				ENABLE_NS_ASSERTIONS = NO;
				ENABLE_STRICT_OBJC_MSGSEND = YES;
				GCC_C_LANGUAGE_STANDARD = gnu99;
				GCC_NO_COMMON_BLOCKS = YES;
				GCC_WARN_64_TO_32_BIT_CONVERSION = YES;
				GCC_WARN_ABOUT_RETURN_TYPE = YES_ERROR;
				GCC_WARN_UNDECLARED_SELECTOR = YES;
				GCC_WARN_UNINITIALIZED_AUTOS = YES_AGGRESSIVE;
				GCC_WARN_UNUSED_FUNCTION = YES;
				GCC_WARN_UNUSED_VARIABLE = YES;
				IPHONEOS_DEPLOYMENT_TARGET = 9.2;
				MTL_ENABLE_DEBUG_INFO = NO;
				SDKROOT = iphoneos;
				TARGETED_DEVICE_FAMILY = "1,2";
				VALIDATE_PRODUCT = YES;
			};
			name = Release;
		};
/* End XCBuildConfiguration section */

/* Begin XCConfigurationList section */
		E41507BD1C3B8C7000C2BD82 /* Build configuration list for PBXNativeTarget "Space Fleet" */ = {
			isa = XCConfigurationList;
			buildConfigurations = (
				E41507BE1C3B8C7000C2BD82 /* Debug */,
				E41507BF1C3B8C7000C2BD82 /* Release */,
			);
			defaultConfigurationIsVisible = 0;
			defaultConfigurationName = Release;
		};
		E4F4856E1C1E6B88007AD778 /* Build configuration list for PBXProject "battleship" */ = {
			isa = XCConfigurationList;
			buildConfigurations = (
				E4F485881C1E6B88007AD778 /* Debug */,
				E4F485891C1E6B88007AD778 /* Release */,
			);
			defaultConfigurationIsVisible = 0;
			defaultConfigurationName = Release;
		};
/* End XCConfigurationList section */
	};
	rootObject = E4F4856B1C1E6B88007AD778 /* Project object */;
}
